// !$*UTF8*$!
{
	archiveVersion = 1;
	classes = {
	};
	objectVersion = 77;
	objects = {

/* Begin PBXBuildFile section */
		C9C449002F29060400636AAA /* GuidepostShare.appex in Embed Foundation Extensions */ = {isa = PBXBuildFile; fileRef = C9C448F62F29060400636AAA /* GuidepostShare.appex */; settings = {ATTRIBUTES = (RemoveHeadersOnCopy, ); }; };
/* End PBXBuildFile section */

/* Begin PBXContainerItemProxy section */
		C9C34DFC2ED1043300BAD545 /* PBXContainerItemProxy */ = {
			isa = PBXContainerItemProxy;
			containerPortal = C9C34DE62ED1043200BAD545 /* Project object */;
			proxyType = 1;
			remoteGlobalIDString = C9C34DED2ED1043200BAD545;
			remoteInfo = Guidepost;
		};
		C9C34E062ED1043300BAD545 /* PBXContainerItemProxy */ = {
			isa = PBXContainerItemProxy;
			containerPortal = C9C34DE62ED1043200BAD545 /* Project object */;
			proxyType = 1;
			remoteGlobalIDString = C9C34DED2ED1043200BAD545;
			remoteInfo = Guidepost;
		};
		C9C448FE2F29060400636AAA /* PBXContainerItemProxy */ = {
			isa = PBXContainerItemProxy;
			containerPortal = C9C34DE62ED1043200BAD545 /* Project object */;
			proxyType = 1;
			remoteGlobalIDString = C9C448F52F29060400636AAA;
			remoteInfo = GuidepostShare;
		};
/* End PBXContainerItemProxy section */

/* Begin PBXCopyFilesBuildPhase section */
		C9C449052F29060400636AAA /* Embed Foundation Extensions */ = {
			isa = PBXCopyFilesBuildPhase;
			buildActionMask = 2147483647;
			dstPath = "";
			dstSubfolderSpec = 13;
			files = (
				C9C449002F29060400636AAA /* GuidepostShare.appex in Embed Foundation Extensions */,
			);
			name = "Embed Foundation Extensions";
			runOnlyForDeploymentPostprocessing = 0;
		};
/* End PBXCopyFilesBuildPhase section */

/* Begin PBXFileReference section */
		C9C34DEE2ED1043200BAD545 /* Guidepost.app */ = {isa = PBXFileReference; explicitFileType = wrapper.application; includeInIndex = 0; path = Guidepost.app; sourceTree = BUILT_PRODUCTS_DIR; };
		C9C34DFB2ED1043300BAD545 /* GuidepostTests.xctest */ = {isa = PBXFileReference; explicitFileType = wrapper.cfbundle; includeInIndex = 0; path = GuidepostTests.xctest; sourceTree = BUILT_PRODUCTS_DIR; };
		C9C34E052ED1043300BAD545 /* GuidepostUITests.xctest */ = {isa = PBXFileReference; explicitFileType = wrapper.cfbundle; includeInIndex = 0; path = GuidepostUITests.xctest; sourceTree = BUILT_PRODUCTS_DIR; };
		C9C448F62F29060400636AAA /* GuidepostShare.appex */ = {isa = PBXFileReference; explicitFileType = "wrapper.app-extension"; includeInIndex = 0; path = GuidepostShare.appex; sourceTree = BUILT_PRODUCTS_DIR; };
/* End PBXFileReference section */

/* Begin PBXFileSystemSynchronizedBuildFileExceptionSet section */
		C9273E922F291180008DC939 /* Exceptions for "Guidepost" folder in "Guidepost" target */ = {
			isa = PBXFileSystemSynchronizedBuildFileExceptionSet;
			membershipExceptions = (
				Info.plist,
			);
			target = C9C34DED2ED1043200BAD545 /* Guidepost */;
		};
		C9C449012F29060400636AAA /* Exceptions for "GuidepostShare" folder in "GuidepostShare" target */ = {
			isa = PBXFileSystemSynchronizedBuildFileExceptionSet;
			membershipExceptions = (
				Info.plist,
			);
			target = C9C448F52F29060400636AAA /* GuidepostShare */;
		};
		C9C4490D2F2909AF00636AAA /* Exceptions for "Guidepost" folder in "GuidepostShare" target */ = {
			isa = PBXFileSystemSynchronizedBuildFileExceptionSet;
			membershipExceptions = (
				Models/AuthModels.swift,
				Models/ImageModels.swift,
				Services/AuthService.swift,
				Services/ImageAPIService.swift,
			);
			target = C9C448F52F29060400636AAA /* GuidepostShare */;
		};
/* End PBXFileSystemSynchronizedBuildFileExceptionSet section */

/* Begin PBXFileSystemSynchronizedRootGroup section */
		C9C34DF02ED1043200BAD545 /* Guidepost */ = {
			isa = PBXFileSystemSynchronizedRootGroup;
			exceptions = (
				C9273E922F291180008DC939 /* Exceptions for "Guidepost" folder in "Guidepost" target */,
				C9C4490D2F2909AF00636AAA /* Exceptions for "Guidepost" folder in "GuidepostShare" target */,
			);
			path = Guidepost;
			sourceTree = "<group>";
		};
		C9C34DFE2ED1043300BAD545 /* GuidepostTests */ = {
			isa = PBXFileSystemSynchronizedRootGroup;
			path = GuidepostTests;
			sourceTree = "<group>";
		};
		C9C34E082ED1043300BAD545 /* GuidepostUITests */ = {
			isa = PBXFileSystemSynchronizedRootGroup;
			path = GuidepostUITests;
			sourceTree = "<group>";
		};
		C9C448F72F29060400636AAA /* GuidepostShare */ = {
			isa = PBXFileSystemSynchronizedRootGroup;
			exceptions = (
				C9C449012F29060400636AAA /* Exceptions for "GuidepostShare" folder in "GuidepostShare" target */,
			);
			path = GuidepostShare;
			sourceTree = "<group>";
		};
/* End PBXFileSystemSynchronizedRootGroup section */

/* Begin PBXFrameworksBuildPhase section */
		C9C34DEB2ED1043200BAD545 /* Frameworks */ = {
			isa = PBXFrameworksBuildPhase;
			buildActionMask = 2147483647;
			files = (
			);
			runOnlyForDeploymentPostprocessing = 0;
		};
		C9C34DF82ED1043300BAD545 /* Frameworks */ = {
			isa = PBXFrameworksBuildPhase;
			buildActionMask = 2147483647;
			files = (
			);
			runOnlyForDeploymentPostprocessing = 0;
		};
		C9C34E022ED1043300BAD545 /* Frameworks */ = {
			isa = PBXFrameworksBuildPhase;
			buildActionMask = 2147483647;
			files = (
			);
			runOnlyForDeploymentPostprocessing = 0;
		};
		C9C448F32F29060400636AAA /* Frameworks */ = {
			isa = PBXFrameworksBuildPhase;
			buildActionMask = 2147483647;
			files = (
			);
			runOnlyForDeploymentPostprocessing = 0;
		};
/* End PBXFrameworksBuildPhase section */

/* Begin PBXGroup section */
		C9C34DE52ED1043200BAD545 = {
			isa = PBXGroup;
			children = (
				C9C34DF02ED1043200BAD545 /* Guidepost */,
				C9C34DFE2ED1043300BAD545 /* GuidepostTests */,
				C9C34E082ED1043300BAD545 /* GuidepostUITests */,
				C9C448F72F29060400636AAA /* GuidepostShare */,
				C9C34DEF2ED1043200BAD545 /* Products */,
			);
			sourceTree = "<group>";
		};
		C9C34DEF2ED1043200BAD545 /* Products */ = {
			isa = PBXGroup;
			children = (
				C9C34DEE2ED1043200BAD545 /* Guidepost.app */,
				C9C34DFB2ED1043300BAD545 /* GuidepostTests.xctest */,
				C9C34E052ED1043300BAD545 /* GuidepostUITests.xctest */,
				C9C448F62F29060400636AAA /* GuidepostShare.appex */,
			);
			name = Products;
			sourceTree = "<group>";
		};
/* End PBXGroup section */

/* Begin PBXNativeTarget section */
		C9C34DED2ED1043200BAD545 /* Guidepost */ = {
			isa = PBXNativeTarget;
			buildConfigurationList = C9C34E0F2ED1043300BAD545 /* Build configuration list for PBXNativeTarget "Guidepost" */;
			buildPhases = (
				C9C34DEA2ED1043200BAD545 /* Sources */,
				C9C34DEB2ED1043200BAD545 /* Frameworks */,
				C9C34DEC2ED1043200BAD545 /* Resources */,
				C9C449052F29060400636AAA /* Embed Foundation Extensions */,
			);
			buildRules = (
			);
			dependencies = (
				C9C448FF2F29060400636AAA /* PBXTargetDependency */,
			);
			fileSystemSynchronizedGroups = (
				C9C34DF02ED1043200BAD545 /* Guidepost */,
			);
			name = Guidepost;
			packageProductDependencies = (
			);
			productName = Guidepost;
			productReference = C9C34DEE2ED1043200BAD545 /* Guidepost.app */;
			productType = "com.apple.product-type.application";
		};
		C9C34DFA2ED1043300BAD545 /* GuidepostTests */ = {
			isa = PBXNativeTarget;
			buildConfigurationList = C9C34E122ED1043300BAD545 /* Build configuration list for PBXNativeTarget "GuidepostTests" */;
			buildPhases = (
				C9C34DF72ED1043300BAD545 /* Sources */,
				C9C34DF82ED1043300BAD545 /* Frameworks */,
				C9C34DF92ED1043300BAD545 /* Resources */,
			);
			buildRules = (
			);
			dependencies = (
				C9C34DFD2ED1043300BAD545 /* PBXTargetDependency */,
			);
			fileSystemSynchronizedGroups = (
				C9C34DFE2ED1043300BAD545 /* GuidepostTests */,
			);
			name = GuidepostTests;
			packageProductDependencies = (
			);
			productName = GuidepostTests;
			productReference = C9C34DFB2ED1043300BAD545 /* GuidepostTests.xctest */;
			productType = "com.apple.product-type.bundle.unit-test";
		};
		C9C34E042ED1043300BAD545 /* GuidepostUITests */ = {
			isa = PBXNativeTarget;
			buildConfigurationList = C9C34E152ED1043300BAD545 /* Build configuration list for PBXNativeTarget "GuidepostUITests" */;
			buildPhases = (
				C9C34E012ED1043300BAD545 /* Sources */,
				C9C34E022ED1043300BAD545 /* Frameworks */,
				C9C34E032ED1043300BAD545 /* Resources */,
			);
			buildRules = (
			);
			dependencies = (
				C9C34E072ED1043300BAD545 /* PBXTargetDependency */,
			);
			fileSystemSynchronizedGroups = (
				C9C34E082ED1043300BAD545 /* GuidepostUITests */,
			);
			name = GuidepostUITests;
			packageProductDependencies = (
			);
			productName = GuidepostUITests;
			productReference = C9C34E052ED1043300BAD545 /* GuidepostUITests.xctest */;
			productType = "com.apple.product-type.bundle.ui-testing";
		};
		C9C448F52F29060400636AAA /* GuidepostShare */ = {
			isa = PBXNativeTarget;
			buildConfigurationList = C9C449022F29060400636AAA /* Build configuration list for PBXNativeTarget "GuidepostShare" */;
			buildPhases = (
				C9C448F22F29060400636AAA /* Sources */,
				C9C448F32F29060400636AAA /* Frameworks */,
				C9C448F42F29060400636AAA /* Resources */,
			);
			buildRules = (
			);
			dependencies = (
			);
			fileSystemSynchronizedGroups = (
				C9C448F72F29060400636AAA /* GuidepostShare */,
			);
			name = GuidepostShare;
			packageProductDependencies = (
			);
			productName = GuidepostShare;
			productReference = C9C448F62F29060400636AAA /* GuidepostShare.appex */;
			productType = "com.apple.product-type.app-extension";
		};
/* End PBXNativeTarget section */

/* Begin PBXProject section */
		C9C34DE62ED1043200BAD545 /* Project object */ = {
			isa = PBXProject;
			attributes = {
				BuildIndependentTargetsInParallel = 1;
				LastSwiftUpdateCheck = 2610;
				LastUpgradeCheck = 2610;
				TargetAttributes = {
					C9C34DED2ED1043200BAD545 = {
						CreatedOnToolsVersion = 26.1.1;
					};
					C9C34DFA2ED1043300BAD545 = {
						CreatedOnToolsVersion = 26.1.1;
						TestTargetID = C9C34DED2ED1043200BAD545;
					};
					C9C34E042ED1043300BAD545 = {
						CreatedOnToolsVersion = 26.1.1;
						TestTargetID = C9C34DED2ED1043200BAD545;
					};
					C9C448F52F29060400636AAA = {
						CreatedOnToolsVersion = 26.1.1;
					};
				};
			};
			buildConfigurationList = C9C34DE92ED1043200BAD545 /* Build configuration list for PBXProject "Guidepost" */;
			developmentRegion = en;
			hasScannedForEncodings = 0;
			knownRegions = (
				en,
				Base,
			);
			mainGroup = C9C34DE52ED1043200BAD545;
			minimizedProjectReferenceProxies = 1;
			preferredProjectObjectVersion = 77;
			productRefGroup = C9C34DEF2ED1043200BAD545 /* Products */;
			projectDirPath = "";
			projectRoot = "";
			targets = (
				C9C34DED2ED1043200BAD545 /* Guidepost */,
				C9C34DFA2ED1043300BAD545 /* GuidepostTests */,
				C9C34E042ED1043300BAD545 /* GuidepostUITests */,
				C9C448F52F29060400636AAA /* GuidepostShare */,
			);
		};
/* End PBXProject section */

/* Begin PBXResourcesBuildPhase section */
		C9C34DEC2ED1043200BAD545 /* Resources */ = {
			isa = PBXResourcesBuildPhase;
			buildActionMask = 2147483647;
			files = (
			);
			runOnlyForDeploymentPostprocessing = 0;
		};
		C9C34DF92ED1043300BAD545 /* Resources */ = {
			isa = PBXResourcesBuildPhase;
			buildActionMask = 2147483647;
			files = (
			);
			runOnlyForDeploymentPostprocessing = 0;
		};
		C9C34E032ED1043300BAD545 /* Resources */ = {
			isa = PBXResourcesBuildPhase;
			buildActionMask = 2147483647;
			files = (
			);
			runOnlyForDeploymentPostprocessing = 0;
		};
		C9C448F42F29060400636AAA /* Resources */ = {
			isa = PBXResourcesBuildPhase;
			buildActionMask = 2147483647;
			files = (
			);
			runOnlyForDeploymentPostprocessing = 0;
		};
/* End PBXResourcesBuildPhase section */

/* Begin PBXSourcesBuildPhase section */
		C9C34DEA2ED1043200BAD545 /* Sources */ = {
			isa = PBXSourcesBuildPhase;
			buildActionMask = 2147483647;
			files = (
			);
			runOnlyForDeploymentPostprocessing = 0;
		};
		C9C34DF72ED1043300BAD545 /* Sources */ = {
			isa = PBXSourcesBuildPhase;
			buildActionMask = 2147483647;
			files = (
			);
			runOnlyForDeploymentPostprocessing = 0;
		};
		C9C34E012ED1043300BAD545 /* Sources */ = {
			isa = PBXSourcesBuildPhase;
			buildActionMask = 2147483647;
			files = (
			);
			runOnlyForDeploymentPostprocessing = 0;
		};
		C9C448F22F29060400636AAA /* Sources */ = {
			isa = PBXSourcesBuildPhase;
			buildActionMask = 2147483647;
			files = (
			);
			runOnlyForDeploymentPostprocessing = 0;
		};
/* End PBXSourcesBuildPhase section */

/* Begin PBXTargetDependency section */
		C9C34DFD2ED1043300BAD545 /* PBXTargetDependency */ = {
			isa = PBXTargetDependency;
			target = C9C34DED2ED1043200BAD545 /* Guidepost */;
			targetProxy = C9C34DFC2ED1043300BAD545 /* PBXContainerItemProxy */;
		};
		C9C34E072ED1043300BAD545 /* PBXTargetDependency */ = {
			isa = PBXTargetDependency;
			target = C9C34DED2ED1043200BAD545 /* Guidepost */;
			targetProxy = C9C34E062ED1043300BAD545 /* PBXContainerItemProxy */;
		};
		C9C448FF2F29060400636AAA /* PBXTargetDependency */ = {
			isa = PBXTargetDependency;
			target = C9C448F52F29060400636AAA /* GuidepostShare */;
			targetProxy = C9C448FE2F29060400636AAA /* PBXContainerItemProxy */;
		};
/* End PBXTargetDependency section */

/* Begin XCBuildConfiguration section */
		C9C34E0D2ED1043300BAD545 /* Debug */ = {
			isa = XCBuildConfiguration;
			buildSettings = {
				ALWAYS_SEARCH_USER_PATHS = NO;
				ASSETCATALOG_COMPILER_GENERATE_SWIFT_ASSET_SYMBOL_EXTENSIONS = YES;
				CLANG_ANALYZER_NONNULL = YES;
				CLANG_ANALYZER_NUMBER_OBJECT_CONVERSION = YES_AGGRESSIVE;
				CLANG_CXX_LANGUAGE_STANDARD = "gnu++20";
				CLANG_ENABLE_MODULES = YES;
				CLANG_ENABLE_OBJC_ARC = YES;
				CLANG_ENABLE_OBJC_WEAK = YES;
				CLANG_WARN_BLOCK_CAPTURE_AUTORELEASING = YES;
				CLANG_WARN_BOOL_CONVERSION = YES;
				CLANG_WARN_COMMA = YES;
				CLANG_WARN_CONSTANT_CONVERSION = YES;
				CLANG_WARN_DEPRECATED_OBJC_IMPLEMENTATIONS = YES;
				CLANG_WARN_DIRECT_OBJC_ISA_USAGE = YES_ERROR;
				CLANG_WARN_DOCUMENTATION_COMMENTS = YES;
				CLANG_WARN_EMPTY_BODY = YES;
				CLANG_WARN_ENUM_CONVERSION = YES;
				CLANG_WARN_INFINITE_RECURSION = YES;
				CLANG_WARN_INT_CONVERSION = YES;
				CLANG_WARN_NON_LITERAL_NULL_CONVERSION = YES;
				CLANG_WARN_OBJC_IMPLICIT_RETAIN_SELF = YES;
				CLANG_WARN_OBJC_LITERAL_CONVERSION = YES;
				CLANG_WARN_OBJC_ROOT_CLASS = YES_ERROR;
				CLANG_WARN_QUOTED_INCLUDE_IN_FRAMEWORK_HEADER = YES;
				CLANG_WARN_RANGE_LOOP_ANALYSIS = YES;
				CLANG_WARN_STRICT_PROTOTYPES = YES;
				CLANG_WARN_SUSPICIOUS_MOVE = YES;
				CLANG_WARN_UNGUARDED_AVAILABILITY = YES_AGGRESSIVE;
				CLANG_WARN_UNREACHABLE_CODE = YES;
				CLANG_WARN__DUPLICATE_METHOD_MATCH = YES;
				COPY_PHASE_STRIP = NO;
				DEBUG_INFORMATION_FORMAT = dwarf;
				DEVELOPMENT_TEAM = AZT9X443J9;
				ENABLE_STRICT_OBJC_MSGSEND = YES;
				ENABLE_TESTABILITY = YES;
				ENABLE_USER_SCRIPT_SANDBOXING = YES;
				GCC_C_LANGUAGE_STANDARD = gnu17;
				GCC_DYNAMIC_NO_PIC = NO;
				GCC_NO_COMMON_BLOCKS = YES;
				GCC_OPTIMIZATION_LEVEL = 0;
				GCC_PREPROCESSOR_DEFINITIONS = (
					"DEBUG=1",
					"$(inherited)",
				);
				GCC_WARN_64_TO_32_BIT_CONVERSION = YES;
				GCC_WARN_ABOUT_RETURN_TYPE = YES_ERROR;
				GCC_WARN_UNDECLARED_SELECTOR = YES;
				GCC_WARN_UNINITIALIZED_AUTOS = YES_AGGRESSIVE;
				GCC_WARN_UNUSED_FUNCTION = YES;
				GCC_WARN_UNUSED_VARIABLE = YES;
				IPHONEOS_DEPLOYMENT_TARGET = 26.1;
				LOCALIZATION_PREFERS_STRING_CATALOGS = YES;
				MTL_ENABLE_DEBUG_INFO = INCLUDE_SOURCE;
				MTL_FAST_MATH = YES;
				ONLY_ACTIVE_ARCH = YES;
				SDKROOT = iphoneos;
				SWIFT_ACTIVE_COMPILATION_CONDITIONS = "DEBUG $(inherited)";
				SWIFT_OPTIMIZATION_LEVEL = "-Onone";
			};
			name = Debug;
		};
		C9C34E0E2ED1043300BAD545 /* Release */ = {
			isa = XCBuildConfiguration;
			buildSettings = {
				ALWAYS_SEARCH_USER_PATHS = NO;
				ASSETCATALOG_COMPILER_GENERATE_SWIFT_ASSET_SYMBOL_EXTENSIONS = YES;
				CLANG_ANALYZER_NONNULL = YES;
				CLANG_ANALYZER_NUMBER_OBJECT_CONVERSION = YES_AGGRESSIVE;
				CLANG_CXX_LANGUAGE_STANDARD = "gnu++20";
				CLANG_ENABLE_MODULES = YES;
				CLANG_ENABLE_OBJC_ARC = YES;
				CLANG_ENABLE_OBJC_WEAK = YES;
				CLANG_WARN_BLOCK_CAPTURE_AUTORELEASING = YES;
				CLANG_WARN_BOOL_CONVERSION = YES;
				CLANG_WARN_COMMA = YES;
				CLANG_WARN_CONSTANT_CONVERSION = YES;
				CLANG_WARN_DEPRECATED_OBJC_IMPLEMENTATIONS = YES;
				CLANG_WARN_DIRECT_OBJC_ISA_USAGE = YES_ERROR;
				CLANG_WARN_DOCUMENTATION_COMMENTS = YES;
				CLANG_WARN_EMPTY_BODY = YES;
				CLANG_WARN_ENUM_CONVERSION = YES;
				CLANG_WARN_INFINITE_RECURSION = YES;
				CLANG_WARN_INT_CONVERSION = YES;
				CLANG_WARN_NON_LITERAL_NULL_CONVERSION = YES;
				CLANG_WARN_OBJC_IMPLICIT_RETAIN_SELF = YES;
				CLANG_WARN_OBJC_LITERAL_CONVERSION = YES;
				CLANG_WARN_OBJC_ROOT_CLASS = YES_ERROR;
				CLANG_WARN_QUOTED_INCLUDE_IN_FRAMEWORK_HEADER = YES;
				CLANG_WARN_RANGE_LOOP_ANALYSIS = YES;
				CLANG_WARN_STRICT_PROTOTYPES = YES;
				CLANG_WARN_SUSPICIOUS_MOVE = YES;
				CLANG_WARN_UNGUARDED_AVAILABILITY = YES_AGGRESSIVE;
				CLANG_WARN_UNREACHABLE_CODE = YES;
				CLANG_WARN__DUPLICATE_METHOD_MATCH = YES;
				COPY_PHASE_STRIP = NO;
				DEBUG_INFORMATION_FORMAT = "dwarf-with-dsym";
				DEVELOPMENT_TEAM = AZT9X443J9;
				ENABLE_NS_ASSERTIONS = NO;
				ENABLE_STRICT_OBJC_MSGSEND = YES;
				ENABLE_USER_SCRIPT_SANDBOXING = YES;
				GCC_C_LANGUAGE_STANDARD = gnu17;
				GCC_NO_COMMON_BLOCKS = YES;
				GCC_WARN_64_TO_32_BIT_CONVERSION = YES;
				GCC_WARN_ABOUT_RETURN_TYPE = YES_ERROR;
				GCC_WARN_UNDECLARED_SELECTOR = YES;
				GCC_WARN_UNINITIALIZED_AUTOS = YES_AGGRESSIVE;
				GCC_WARN_UNUSED_FUNCTION = YES;
				GCC_WARN_UNUSED_VARIABLE = YES;
				IPHONEOS_DEPLOYMENT_TARGET = 26.1;
				LOCALIZATION_PREFERS_STRING_CATALOGS = YES;
				MTL_ENABLE_DEBUG_INFO = NO;
				MTL_FAST_MATH = YES;
				SDKROOT = iphoneos;
				SWIFT_COMPILATION_MODE = wholemodule;
				VALIDATE_PRODUCT = YES;
			};
			name = Release;
		};
		C9C34E102ED1043300BAD545 /* Debug */ = {
			isa = XCBuildConfiguration;
			buildSettings = {
				ASSETCATALOG_COMPILER_APPICON_NAME = AppIcon;
				ASSETCATALOG_COMPILER_GLOBAL_ACCENT_COLOR_NAME = AccentColor;
				CODE_SIGN_ENTITLEMENTS = Guidepost/Guidepost.entitlements;
				CODE_SIGN_STYLE = Automatic;
				CURRENT_PROJECT_VERSION = 1;
				DEVELOPMENT_TEAM = AZT9X443J9;
				ENABLE_PREVIEWS = YES;
				GENERATE_INFOPLIST_FILE = YES;
				INFOPLIST_FILE = Guidepost/Info.plist;
				INFOPLIST_KEY_NSCameraUsageDescription = "We need access to your camera to take photos for analysis.";
				INFOPLIST_KEY_NSLocationWhenInUseUsageDescription = "Location is used to capture where your photos were taken.";
				INFOPLIST_KEY_NSPhotoLibraryUsageDescription = "We need access to your photo library to select photos for analysis.";
				INFOPLIST_KEY_UIApplicationSceneManifest_Generation = YES;
				INFOPLIST_KEY_UIApplicationSupportsIndirectInputEvents = YES;
				INFOPLIST_KEY_UILaunchScreen_Generation = YES;
				INFOPLIST_KEY_UISupportedInterfaceOrientations_iPad = "UIInterfaceOrientationPortrait UIInterfaceOrientationPortraitUpsideDown UIInterfaceOrientationLandscapeLeft UIInterfaceOrientationLandscapeRight";
				INFOPLIST_KEY_UISupportedInterfaceOrientations_iPhone = UIInterfaceOrientationPortrait;
				LD_RUNPATH_SEARCH_PATHS = (
					"$(inherited)",
					"@executable_path/Frameworks",
				);
				MARKETING_VERSION = 1.0;
				PRODUCT_BUNDLE_IDENTIFIER = com.gambrell.Guidepost2026;
				PRODUCT_NAME = "$(TARGET_NAME)";
				STRING_CATALOG_GENERATE_SYMBOLS = YES;
				SWIFT_APPROACHABLE_CONCURRENCY = YES;
				SWIFT_DEFAULT_ACTOR_ISOLATION = MainActor;
				SWIFT_EMIT_LOC_STRINGS = YES;
				SWIFT_UPCOMING_FEATURE_MEMBER_IMPORT_VISIBILITY = YES;
				SWIFT_VERSION = 5.0;
				TARGETED_DEVICE_FAMILY = "1,2";
			};
			name = Debug;
		};
		C9C34E112ED1043300BAD545 /* Release */ = {
			isa = XCBuildConfiguration;
			buildSettings = {
				ASSETCATALOG_COMPILER_APPICON_NAME = AppIcon;
				ASSETCATALOG_COMPILER_GLOBAL_ACCENT_COLOR_NAME = AccentColor;
				CODE_SIGN_ENTITLEMENTS = Guidepost/Guidepost.entitlements;
				CODE_SIGN_STYLE = Automatic;
				CURRENT_PROJECT_VERSION = 1;
				DEVELOPMENT_TEAM = AZT9X443J9;
				ENABLE_PREVIEWS = YES;
				GENERATE_INFOPLIST_FILE = YES;
				INFOPLIST_FILE = Guidepost/Info.plist;
				INFOPLIST_KEY_NSCameraUsageDescription = "We need access to your camera to take photos for analysis.";
				INFOPLIST_KEY_NSLocationWhenInUseUsageDescription = "Location is used to capture where your photos were taken.";
				INFOPLIST_KEY_NSPhotoLibraryUsageDescription = "We need access to your photo library to select photos for analysis.";
				INFOPLIST_KEY_UIApplicationSceneManifest_Generation = YES;
				INFOPLIST_KEY_UIApplicationSupportsIndirectInputEvents = YES;
				INFOPLIST_KEY_UILaunchScreen_Generation = YES;
				INFOPLIST_KEY_UISupportedInterfaceOrientations_iPad = "UIInterfaceOrientationPortrait UIInterfaceOrientationPortraitUpsideDown UIInterfaceOrientationLandscapeLeft UIInterfaceOrientationLandscapeRight";
				INFOPLIST_KEY_UISupportedInterfaceOrientations_iPhone = UIInterfaceOrientationPortrait;
				LD_RUNPATH_SEARCH_PATHS = (
					"$(inherited)",
					"@executable_path/Frameworks",
				);
				MARKETING_VERSION = 1.0;
				PRODUCT_BUNDLE_IDENTIFIER = com.gambrell.Guidepost2026;
				PRODUCT_NAME = "$(TARGET_NAME)";
				STRING_CATALOG_GENERATE_SYMBOLS = YES;
				SWIFT_APPROACHABLE_CONCURRENCY = YES;
				SWIFT_DEFAULT_ACTOR_ISOLATION = MainActor;
				SWIFT_EMIT_LOC_STRINGS = YES;
				SWIFT_UPCOMING_FEATURE_MEMBER_IMPORT_VISIBILITY = YES;
				SWIFT_VERSION = 5.0;
				TARGETED_DEVICE_FAMILY = "1,2";
			};
			name = Release;
		};
		C9C34E132ED1043300BAD545 /* Debug */ = {
			isa = XCBuildConfiguration;
			buildSettings = {
				BUNDLE_LOADER = "$(TEST_HOST)";
				CODE_SIGN_STYLE = Automatic;
				CURRENT_PROJECT_VERSION = 1;
				DEVELOPMENT_TEAM = AZT9X443J9;
				GENERATE_INFOPLIST_FILE = YES;
				IPHONEOS_DEPLOYMENT_TARGET = 26.1;
				MARKETING_VERSION = 1.0;
				PRODUCT_BUNDLE_IDENTIFIER = com.gambrell.Guidepost2026Tests;
				PRODUCT_NAME = "$(TARGET_NAME)";
				STRING_CATALOG_GENERATE_SYMBOLS = NO;
				SWIFT_APPROACHABLE_CONCURRENCY = YES;
				SWIFT_EMIT_LOC_STRINGS = NO;
				SWIFT_UPCOMING_FEATURE_MEMBER_IMPORT_VISIBILITY = YES;
				SWIFT_VERSION = 5.0;
				TARGETED_DEVICE_FAMILY = "1,2";
				TEST_HOST = "$(BUILT_PRODUCTS_DIR)/Guidepost.app/$(BUNDLE_EXECUTABLE_FOLDER_PATH)/Guidepost";
			};
			name = Debug;
		};
		C9C34E142ED1043300BAD545 /* Release */ = {
			isa = XCBuildConfiguration;
			buildSettings = {
				BUNDLE_LOADER = "$(TEST_HOST)";
				CODE_SIGN_STYLE = Automatic;
				CURRENT_PROJECT_VERSION = 1;
				DEVELOPMENT_TEAM = AZT9X443J9;
				GENERATE_INFOPLIST_FILE = YES;
				IPHONEOS_DEPLOYMENT_TARGET = 26.1;
				MARKETING_VERSION = 1.0;
				PRODUCT_BUNDLE_IDENTIFIER = com.gambrell.Guidepost2026Tests;
				PRODUCT_NAME = "$(TARGET_NAME)";
				STRING_CATALOG_GENERATE_SYMBOLS = NO;
				SWIFT_APPROACHABLE_CONCURRENCY = YES;
				SWIFT_EMIT_LOC_STRINGS = NO;
				SWIFT_UPCOMING_FEATURE_MEMBER_IMPORT_VISIBILITY = YES;
				SWIFT_VERSION = 5.0;
				TARGETED_DEVICE_FAMILY = "1,2";
				TEST_HOST = "$(BUILT_PRODUCTS_DIR)/Guidepost.app/$(BUNDLE_EXECUTABLE_FOLDER_PATH)/Guidepost";
			};
			name = Release;
		};
		C9C34E162ED1043300BAD545 /* Debug */ = {
			isa = XCBuildConfiguration;
			buildSettings = {
				CODE_SIGN_STYLE = Automatic;
				CURRENT_PROJECT_VERSION = 1;
				DEVELOPMENT_TEAM = AZT9X443J9;
				GENERATE_INFOPLIST_FILE = YES;
				MARKETING_VERSION = 1.0;
				PRODUCT_BUNDLE_IDENTIFIER = com.gambrell.Guidepost2026UITests;
				PRODUCT_NAME = "$(TARGET_NAME)";
				STRING_CATALOG_GENERATE_SYMBOLS = NO;
				SWIFT_APPROACHABLE_CONCURRENCY = YES;
				SWIFT_EMIT_LOC_STRINGS = NO;
				SWIFT_UPCOMING_FEATURE_MEMBER_IMPORT_VISIBILITY = YES;
				SWIFT_VERSION = 5.0;
				TARGETED_DEVICE_FAMILY = "1,2";
				TEST_TARGET_NAME = Guidepost;
			};
			name = Debug;
		};
		C9C34E172ED1043300BAD545 /* Release */ = {
			isa = XCBuildConfiguration;
			buildSettings = {
				CODE_SIGN_STYLE = Automatic;
				CURRENT_PROJECT_VERSION = 1;
				DEVELOPMENT_TEAM = AZT9X443J9;
				GENERATE_INFOPLIST_FILE = YES;
				MARKETING_VERSION = 1.0;
				PRODUCT_BUNDLE_IDENTIFIER = com.gambrell.Guidepost2026UITests;
				PRODUCT_NAME = "$(TARGET_NAME)";
				STRING_CATALOG_GENERATE_SYMBOLS = NO;
				SWIFT_APPROACHABLE_CONCURRENCY = YES;
				SWIFT_EMIT_LOC_STRINGS = NO;
				SWIFT_UPCOMING_FEATURE_MEMBER_IMPORT_VISIBILITY = YES;
				SWIFT_VERSION = 5.0;
				TARGETED_DEVICE_FAMILY = "1,2";
				TEST_TARGET_NAME = Guidepost;
			};
			name = Release;
		};
		C9C449032F29060400636AAA /* Debug */ = {
			isa = XCBuildConfiguration;
			buildSettings = {
				CODE_SIGN_ENTITLEMENTS = GuidepostShare/GuidepostShare.entitlements;
				CODE_SIGN_STYLE = Automatic;
				CURRENT_PROJECT_VERSION = 1;
				DEVELOPMENT_TEAM = AZT9X443J9;
				GENERATE_INFOPLIST_FILE = YES;
				INFOPLIST_FILE = GuidepostShare/Info.plist;
				INFOPLIST_KEY_CFBundleDisplayName = GuidepostShare;
				INFOPLIST_KEY_NSHumanReadableCopyright = "";
				LD_RUNPATH_SEARCH_PATHS = (
					"$(inherited)",
					"@executable_path/Frameworks",
					"@executable_path/../../Frameworks",
				);
				MARKETING_VERSION = 1.0;
				PRODUCT_BUNDLE_IDENTIFIER = com.gambrell.Guidepost2026.GuidepostShare;
				PRODUCT_NAME = "$(TARGET_NAME)";
				SKIP_INSTALL = YES;
				STRING_CATALOG_GENERATE_SYMBOLS = YES;
				SWIFT_APPROACHABLE_CONCURRENCY = YES;
				SWIFT_EMIT_LOC_STRINGS = YES;
				SWIFT_UPCOMING_FEATURE_MEMBER_IMPORT_VISIBILITY = YES;
				SWIFT_VERSION = 5.0;
				TARGETED_DEVICE_FAMILY = "1,2";
			};
			name = Debug;
		};
		C9C449042F29060400636AAA /* Release */ = {
			isa = XCBuildConfiguration;
			buildSettings = {
				CODE_SIGN_ENTITLEMENTS = GuidepostShare/GuidepostShare.entitlements;
				CODE_SIGN_STYLE = Automatic;
				CURRENT_PROJECT_VERSION = 1;
				DEVELOPMENT_TEAM = AZT9X443J9;
				GENERATE_INFOPLIST_FILE = YES;
				INFOPLIST_FILE = GuidepostShare/Info.plist;
				INFOPLIST_KEY_CFBundleDisplayName = GuidepostShare;
				INFOPLIST_KEY_NSHumanReadableCopyright = "";
				LD_RUNPATH_SEARCH_PATHS = (
					"$(inherited)",
					"@executable_path/Frameworks",
					"@executable_path/../../Frameworks",
				);
				MARKETING_VERSION = 1.0;
				PRODUCT_BUNDLE_IDENTIFIER = com.gambrell.Guidepost2026.GuidepostShare;
				PRODUCT_NAME = "$(TARGET_NAME)";
				SKIP_INSTALL = YES;
				STRING_CATALOG_GENERATE_SYMBOLS = YES;
				SWIFT_APPROACHABLE_CONCURRENCY = YES;
				SWIFT_EMIT_LOC_STRINGS = YES;
				SWIFT_UPCOMING_FEATURE_MEMBER_IMPORT_VISIBILITY = YES;
				SWIFT_VERSION = 5.0;
				TARGETED_DEVICE_FAMILY = "1,2";
			};
			name = Release;
		};
/* End XCBuildConfiguration section */

/* Begin XCConfigurationList section */
		C9C34DE92ED1043200BAD545 /* Build configuration list for PBXProject "Guidepost" */ = {
			isa = XCConfigurationList;
			buildConfigurations = (
				C9C34E0D2ED1043300BAD545 /* Debug */,
				C9C34E0E2ED1043300BAD545 /* Release */,
			);
			defaultConfigurationIsVisible = 0;
			defaultConfigurationName = Release;
		};
		C9C34E0F2ED1043300BAD545 /* Build configuration list for PBXNativeTarget "Guidepost" */ = {
			isa = XCConfigurationList;
			buildConfigurations = (
				C9C34E102ED1043300BAD545 /* Debug */,
				C9C34E112ED1043300BAD545 /* Release */,
			);
			defaultConfigurationIsVisible = 0;
			defaultConfigurationName = Release;
		};
		C9C34E122ED1043300BAD545 /* Build configuration list for PBXNativeTarget "GuidepostTests" */ = {
			isa = XCConfigurationList;
			buildConfigurations = (
				C9C34E132ED1043300BAD545 /* Debug */,
				C9C34E142ED1043300BAD545 /* Release */,
			);
			defaultConfigurationIsVisible = 0;
			defaultConfigurationName = Release;
		};
		C9C34E152ED1043300BAD545 /* Build configuration list for PBXNativeTarget "GuidepostUITests" */ = {
			isa = XCConfigurationList;
			buildConfigurations = (
				C9C34E162ED1043300BAD545 /* Debug */,
				C9C34E172ED1043300BAD545 /* Release */,
			);
			defaultConfigurationIsVisible = 0;
			defaultConfigurationName = Release;
		};
		C9C449022F29060400636AAA /* Build configuration list for PBXNativeTarget "GuidepostShare" */ = {
			isa = XCConfigurationList;
			buildConfigurations = (
				C9C449032F29060400636AAA /* Debug */,
				C9C449042F29060400636AAA /* Release */,
			);
			defaultConfigurationIsVisible = 0;
			defaultConfigurationName = Release;
		};
/* End XCConfigurationList section */
	};
	rootObject = C9C34DE62ED1043200BAD545 /* Project object */;
}
